
Microsoft Visual Studio Solution File, Format Version 12.00
# Visual Studio Version 17
VisualStudioVersion = 17.8.34330.188
MinimumVisualStudioVersion = 10.0.40219.1
Project("{8BC9CEB8-8B4A-11D0-8D11-00A0C91BC942}") = "server", "server\server.vcxproj", "{518E7E6C-2923-4A89-9FE1-FE3AE95C954E}"
EndProject
Global
	GlobalSection(SolutionConfigurationPlatforms) = preSolution
		Debug|x64 = Debug|x64
		Debug|x86 = Debug|x86
		Release|x64 = Release|x64
		Release|x86 = Release|x86
	EndGlobalSection
	GlobalSection(ProjectConfigurationPlatforms) = postSolution
		{518E7E6C-2923-4A89-9FE1-FE3AE95C954E}.Debug|x64.ActiveCfg = Debug|x64
		{518E7E6C-2923-4A89-9FE1-FE3AE95C954E}.Debug|x64.Build.0 = Debug|x64
		{518E7E6C-2923-4A89-9FE1-FE3AE95C954E}.Debug|x86.ActiveCfg = Debug|Win32
		{518E7E6C-2923-4A89-9FE1-FE3AE95C954E}.Debug|x86.Build.0 = Debug|Win32
		{518E7E6C-2923-4A89-9FE1-FE3AE95C954E}.Release|x64.ActiveCfg = Release|x64
		{518E7E6C-2923-4A89-9FE1-FE3AE95C954E}.Release|x64.Build.0 = Release|x64
		{518E7E6C-2923-4A89-9FE1-FE3AE95C954E}.Release|x86.ActiveCfg = Release|Win32
		{518E7E6C-2923-4A89-9FE1-FE3AE95C954E}.Release|x86.Build.0 = Release|Win32
	EndGlobalSection
	GlobalSection(SolutionProperties) = preSolution
		HideSolutionNode = FALSE
	EndGlobalSection
	GlobalSection(ExtensibilityGlobals) = postSolution
		SolutionGuid = {605E6920-AE99-486D-97CF-344C574C5A78}
	EndGlobalSection
EndGlobal
